// !$*UTF8*$!
{
	archiveVersion = 1;
	classes = {
	};
	objectVersion = 56;
	objects = {

/* Begin PBXBuildFile section */
		CEE338DC29E4179100471711 /* TCADemoApp.swift in Sources */ = {isa = PBXBuildFile; fileRef = CEE338DB29E4179100471711 /* TCADemoApp.swift */; };
		CEE338DE29E4179100471711 /* Counter.swift in Sources */ = {isa = PBXBuildFile; fileRef = CEE338DD29E4179100471711 /* Counter.swift */; };
		CEE338E029E4179200471711 /* Assets.xcassets in Resources */ = {isa = PBXBuildFile; fileRef = CEE338DF29E4179200471711 /* Assets.xcassets */; };
		CEE338E329E4179200471711 /* Preview Assets.xcassets in Resources */ = {isa = PBXBuildFile; fileRef = CEE338E229E4179200471711 /* Preview Assets.xcassets */; };
		CEE338ED29E4179200471711 /* TCADemoTests.swift in Sources */ = {isa = PBXBuildFile; fileRef = CEE338EC29E4179200471711 /* TCADemoTests.swift */; };
		CEE338F729E4179200471711 /* TCADemoUITests.swift in Sources */ = {isa = PBXBuildFile; fileRef = CEE338F629E4179200471711 /* TCADemoUITests.swift */; };
		CEE338F929E4179200471711 /* TCADemoUITestsLaunchTests.swift in Sources */ = {isa = PBXBuildFile; fileRef = CEE338F829E4179200471711 /* TCADemoUITestsLaunchTests.swift */; };
		CEE3390729E4190B00471711 /* ComposableArchitecture in Frameworks */ = {isa = PBXBuildFile; productRef = CEE3390629E4190B00471711 /* ComposableArchitecture */; };
		CEE7366D29E547870027D191 /* Timer.swift in Sources */ = {isa = PBXBuildFile; fileRef = CEE7366C29E547870027D191 /* Timer.swift */; };
		CEE7366F29E552000027D191 /* TimerLabelTests.swift in Sources */ = {isa = PBXBuildFile; fileRef = CEE7366E29E552000027D191 /* TimerLabelTests.swift */; };
		CEE7367229E55B180027D191 /* Game.swift in Sources */ = {isa = PBXBuildFile; fileRef = CEE7367129E55B180027D191 /* Game.swift */; };
		CEE8203429E699B300FD7E44 /* GameResultList.swift in Sources */ = {isa = PBXBuildFile; fileRef = CEE8203329E699B300FD7E44 /* GameResultList.swift */; };
/* End PBXBuildFile section */

/* Begin PBXContainerItemProxy section */
		CEE338E929E4179200471711 /* PBXContainerItemProxy */ = {
			isa = PBXContainerItemProxy;
			containerPortal = CEE338D029E4179100471711 /* Project object */;
			proxyType = 1;
			remoteGlobalIDString = CEE338D729E4179100471711;
			remoteInfo = TCADemo;
		};
		CEE338F329E4179200471711 /* PBXContainerItemProxy */ = {
			isa = PBXContainerItemProxy;
			containerPortal = CEE338D029E4179100471711 /* Project object */;
			proxyType = 1;
			remoteGlobalIDString = CEE338D729E4179100471711;
			remoteInfo = TCADemo;
		};
/* End PBXContainerItemProxy section */

/* Begin PBXFileReference section */
		CEE338D829E4179100471711 /* TCADemo.app */ = {isa = PBXFileReference; explicitFileType = wrapper.application; includeInIndex = 0; path = TCADemo.app; sourceTree = BUILT_PRODUCTS_DIR; };
		CEE338DB29E4179100471711 /* TCADemoApp.swift */ = {isa = PBXFileReference; lastKnownFileType = sourcecode.swift; path = TCADemoApp.swift; sourceTree = "<group>"; };
		CEE338DD29E4179100471711 /* Counter.swift */ = {isa = PBXFileReference; lastKnownFileType = sourcecode.swift; path = Counter.swift; sourceTree = "<group>"; };
		CEE338DF29E4179200471711 /* Assets.xcassets */ = {isa = PBXFileReference; lastKnownFileType = folder.assetcatalog; path = Assets.xcassets; sourceTree = "<group>"; };
		CEE338E229E4179200471711 /* Preview Assets.xcassets */ = {isa = PBXFileReference; lastKnownFileType = folder.assetcatalog; path = "Preview Assets.xcassets"; sourceTree = "<group>"; };
		CEE338E829E4179200471711 /* TCADemoTests.xctest */ = {isa = PBXFileReference; explicitFileType = wrapper.cfbundle; includeInIndex = 0; path = TCADemoTests.xctest; sourceTree = BUILT_PRODUCTS_DIR; };
		CEE338EC29E4179200471711 /* TCADemoTests.swift */ = {isa = PBXFileReference; lastKnownFileType = sourcecode.swift; path = TCADemoTests.swift; sourceTree = "<group>"; };
		CEE338F229E4179200471711 /* TCADemoUITests.xctest */ = {isa = PBXFileReference; explicitFileType = wrapper.cfbundle; includeInIndex = 0; path = TCADemoUITests.xctest; sourceTree = BUILT_PRODUCTS_DIR; };
		CEE338F629E4179200471711 /* TCADemoUITests.swift */ = {isa = PBXFileReference; lastKnownFileType = sourcecode.swift; path = TCADemoUITests.swift; sourceTree = "<group>"; };
		CEE338F829E4179200471711 /* TCADemoUITestsLaunchTests.swift */ = {isa = PBXFileReference; lastKnownFileType = sourcecode.swift; path = TCADemoUITestsLaunchTests.swift; sourceTree = "<group>"; };
		CEE7366C29E547870027D191 /* Timer.swift */ = {isa = PBXFileReference; lastKnownFileType = sourcecode.swift; path = Timer.swift; sourceTree = "<group>"; };
		CEE7366E29E552000027D191 /* TimerLabelTests.swift */ = {isa = PBXFileReference; lastKnownFileType = sourcecode.swift; path = TimerLabelTests.swift; sourceTree = "<group>"; };
		CEE7367129E55B180027D191 /* Game.swift */ = {isa = PBXFileReference; lastKnownFileType = sourcecode.swift; path = Game.swift; sourceTree = "<group>"; };
		CEE8203329E699B300FD7E44 /* GameResultList.swift */ = {isa = PBXFileReference; lastKnownFileType = sourcecode.swift; path = GameResultList.swift; sourceTree = "<group>"; };
/* End PBXFileReference section */

/* Begin PBXFrameworksBuildPhase section */
		CEE338D529E4179100471711 /* Frameworks */ = {
			isa = PBXFrameworksBuildPhase;
			buildActionMask = 2147483647;
			files = (
				CEE3390729E4190B00471711 /* ComposableArchitecture in Frameworks */,
			);
			runOnlyForDeploymentPostprocessing = 0;
		};
		CEE338E529E4179200471711 /* Frameworks */ = {
			isa = PBXFrameworksBuildPhase;
			buildActionMask = 2147483647;
			files = (
			);
			runOnlyForDeploymentPostprocessing = 0;
		};
		CEE338EF29E4179200471711 /* Frameworks */ = {
			isa = PBXFrameworksBuildPhase;
			buildActionMask = 2147483647;
			files = (
			);
			runOnlyForDeploymentPostprocessing = 0;
		};
/* End PBXFrameworksBuildPhase section */

/* Begin PBXGroup section */
		CEE338CF29E4179100471711 = {
			isa = PBXGroup;
			children = (
				CEE338DA29E4179100471711 /* TCADemo */,
				CEE338EB29E4179200471711 /* TCADemoTests */,
				CEE338F529E4179200471711 /* TCADemoUITests */,
				CEE338D929E4179100471711 /* Products */,
			);
			sourceTree = "<group>";
		};
		CEE338D929E4179100471711 /* Products */ = {
			isa = PBXGroup;
			children = (
				CEE338D829E4179100471711 /* TCADemo.app */,
				CEE338E829E4179200471711 /* TCADemoTests.xctest */,
				CEE338F229E4179200471711 /* TCADemoUITests.xctest */,
			);
			name = Products;
			sourceTree = "<group>";
		};
		CEE338DA29E4179100471711 /* TCADemo */ = {
			isa = PBXGroup;
			children = (
				CEE338DB29E4179100471711 /* TCADemoApp.swift */,
				CEE8203329E699B300FD7E44 /* GameResultList.swift */,
				CEE7367129E55B180027D191 /* Game.swift */,
				CEE338DD29E4179100471711 /* Counter.swift */,
				CEE7366C29E547870027D191 /* Timer.swift */,
				CEE338DF29E4179200471711 /* Assets.xcassets */,
				CEE338E129E4179200471711 /* Preview Content */,
			);
			path = TCADemo;
			sourceTree = "<group>";
		};
		CEE338E129E4179200471711 /* Preview Content */ = {
			isa = PBXGroup;
			children = (
				CEE338E229E4179200471711 /* Preview Assets.xcassets */,
			);
			path = "Preview Content";
			sourceTree = "<group>";
		};
		CEE338EB29E4179200471711 /* TCADemoTests */ = {
			isa = PBXGroup;
			children = (
				CEE338EC29E4179200471711 /* TCADemoTests.swift */,
				CEE7366E29E552000027D191 /* TimerLabelTests.swift */,
			);
			path = TCADemoTests;
			sourceTree = "<group>";
		};
		CEE338F529E4179200471711 /* TCADemoUITests */ = {
			isa = PBXGroup;
			children = (
				CEE338F629E4179200471711 /* TCADemoUITests.swift */,
				CEE338F829E4179200471711 /* TCADemoUITestsLaunchTests.swift */,
			);
			path = TCADemoUITests;
			sourceTree = "<group>";
		};
/* End PBXGroup section */

/* Begin PBXNativeTarget section */
		CEE338D729E4179100471711 /* TCADemo */ = {
			isa = PBXNativeTarget;
			buildConfigurationList = CEE338FC29E4179200471711 /* Build configuration list for PBXNativeTarget "TCADemo" */;
			buildPhases = (
				CEE338D429E4179100471711 /* Sources */,
				CEE338D529E4179100471711 /* Frameworks */,
				CEE338D629E4179100471711 /* Resources */,
			);
			buildRules = (
			);
			dependencies = (
			);
			name = TCADemo;
			packageProductDependencies = (
				CEE3390629E4190B00471711 /* ComposableArchitecture */,
			);
			productName = TCADemo;
			productReference = CEE338D829E4179100471711 /* TCADemo.app */;
			productType = "com.apple.product-type.application";
		};
		CEE338E729E4179200471711 /* TCADemoTests */ = {
			isa = PBXNativeTarget;
			buildConfigurationList = CEE338FF29E4179200471711 /* Build configuration list for PBXNativeTarget "TCADemoTests" */;
			buildPhases = (
				CEE338E429E4179200471711 /* Sources */,
				CEE338E529E4179200471711 /* Frameworks */,
				CEE338E629E4179200471711 /* Resources */,
			);
			buildRules = (
			);
			dependencies = (
				CEE338EA29E4179200471711 /* PBXTargetDependency */,
			);
			name = TCADemoTests;
			productName = TCADemoTests;
			productReference = CEE338E829E4179200471711 /* TCADemoTests.xctest */;
			productType = "com.apple.product-type.bundle.unit-test";
		};
		CEE338F129E4179200471711 /* TCADemoUITests */ = {
			isa = PBXNativeTarget;
			buildConfigurationList = CEE3390229E4179200471711 /* Build configuration list for PBXNativeTarget "TCADemoUITests" */;
			buildPhases = (
				CEE338EE29E4179200471711 /* Sources */,
				CEE338EF29E4179200471711 /* Frameworks */,
				CEE338F029E4179200471711 /* Resources */,
			);
			buildRules = (
			);
			dependencies = (
				CEE338F429E4179200471711 /* PBXTargetDependency */,
			);
			name = TCADemoUITests;
			productName = TCADemoUITests;
			productReference = CEE338F229E4179200471711 /* TCADemoUITests.xctest */;
			productType = "com.apple.product-type.bundle.ui-testing";
		};
/* End PBXNativeTarget section */

/* Begin PBXProject section */
		CEE338D029E4179100471711 /* Project object */ = {
			isa = PBXProject;
			attributes = {
				BuildIndependentTargetsInParallel = 1;
				LastSwiftUpdateCheck = 1430;
				LastUpgradeCheck = 1430;
				TargetAttributes = {
					CEE338D729E4179100471711 = {
						CreatedOnToolsVersion = 14.3;
					};
					CEE338E729E4179200471711 = {
						CreatedOnToolsVersion = 14.3;
						TestTargetID = CEE338D729E4179100471711;
					};
					CEE338F129E4179200471711 = {
						CreatedOnToolsVersion = 14.3;
						TestTargetID = CEE338D729E4179100471711;
					};
				};
			};
			buildConfigurationList = CEE338D329E4179100471711 /* Build configuration list for PBXProject "TCADemo" */;
			compatibilityVersion = "Xcode 14.0";
			developmentRegion = en;
			hasScannedForEncodings = 0;
			knownRegions = (
				en,
				Base,
			);
			mainGroup = CEE338CF29E4179100471711;
			packageReferences = (
				CEE3390529E4190B00471711 /* XCRemoteSwiftPackageReference "swift-composable-architecture" */,
			);
			productRefGroup = CEE338D929E4179100471711 /* Products */;
			projectDirPath = "";
			projectRoot = "";
			targets = (
				CEE338D729E4179100471711 /* TCADemo */,
				CEE338E729E4179200471711 /* TCADemoTests */,
				CEE338F129E4179200471711 /* TCADemoUITests */,
			);
		};
/* End PBXProject section */

/* Begin PBXResourcesBuildPhase section */
		CEE338D629E4179100471711 /* Resources */ = {
			isa = PBXResourcesBuildPhase;
			buildActionMask = 2147483647;
			files = (
				CEE338E329E4179200471711 /* Preview Assets.xcassets in Resources */,
				CEE338E029E4179200471711 /* Assets.xcassets in Resources */,
			);
			runOnlyForDeploymentPostprocessing = 0;
		};
		CEE338E629E4179200471711 /* Resources */ = {
			isa = PBXResourcesBuildPhase;
			buildActionMask = 2147483647;
			files = (
			);
			runOnlyForDeploymentPostprocessing = 0;
		};
		CEE338F029E4179200471711 /* Resources */ = {
			isa = PBXResourcesBuildPhase;
			buildActionMask = 2147483647;
			files = (
			);
			runOnlyForDeploymentPostprocessing = 0;
		};
/* End PBXResourcesBuildPhase section */

/* Begin PBXSourcesBuildPhase section */
		CEE338D429E4179100471711 /* Sources */ = {
			isa = PBXSourcesBuildPhase;
			buildActionMask = 2147483647;
			files = (
				CEE7366D29E547870027D191 /* Timer.swift in Sources */,
				CEE338DE29E4179100471711 /* Counter.swift in Sources */,
				CEE338DC29E4179100471711 /* TCADemoApp.swift in Sources */,
				CEE8203429E699B300FD7E44 /* GameResultList.swift in Sources */,
				CEE7367229E55B180027D191 /* Game.swift in Sources */,
			);
			runOnlyForDeploymentPostprocessing = 0;
		};
		CEE338E429E4179200471711 /* Sources */ = {
			isa = PBXSourcesBuildPhase;
			buildActionMask = 2147483647;
			files = (
				CEE7366F29E552000027D191 /* TimerLabelTests.swift in Sources */,
				CEE338ED29E4179200471711 /* TCADemoTests.swift in Sources */,
			);
			runOnlyForDeploymentPostprocessing = 0;
		};
		CEE338EE29E4179200471711 /* Sources */ = {
			isa = PBXSourcesBuildPhase;
			buildActionMask = 2147483647;
			files = (
				CEE338F929E4179200471711 /* TCADemoUITestsLaunchTests.swift in Sources */,
				CEE338F729E4179200471711 /* TCADemoUITests.swift in Sources */,
			);
			runOnlyForDeploymentPostprocessing = 0;
		};
/* End PBXSourcesBuildPhase section */

/* Begin PBXTargetDependency section */
		CEE338EA29E4179200471711 /* PBXTargetDependency */ = {
			isa = PBXTargetDependency;
			target = CEE338D729E4179100471711 /* TCADemo */;
			targetProxy = CEE338E929E4179200471711 /* PBXContainerItemProxy */;
		};
		CEE338F429E4179200471711 /* PBXTargetDependency */ = {
			isa = PBXTargetDependency;
			target = CEE338D729E4179100471711 /* TCADemo */;
			targetProxy = CEE338F329E4179200471711 /* PBXContainerItemProxy */;
		};
/* End PBXTargetDependency section */

/* Begin XCBuildConfiguration section */
		CEE338FA29E4179200471711 /* Debug */ = {
			isa = XCBuildConfiguration;
			buildSettings = {
				ALWAYS_SEARCH_USER_PATHS = NO;
				CLANG_ANALYZER_NONNULL = YES;
				CLANG_ANALYZER_NUMBER_OBJECT_CONVERSION = YES_AGGRESSIVE;
				CLANG_CXX_LANGUAGE_STANDARD = "gnu++20";
				CLANG_ENABLE_MODULES = YES;
				CLANG_ENABLE_OBJC_ARC = YES;
				CLANG_ENABLE_OBJC_WEAK = YES;
				CLANG_WARN_BLOCK_CAPTURE_AUTORELEASING = YES;
				CLANG_WARN_BOOL_CONVERSION = YES;
				CLANG_WARN_COMMA = YES;
				CLANG_WARN_CONSTANT_CONVERSION = YES;
				CLANG_WARN_DEPRECATED_OBJC_IMPLEMENTATIONS = YES;
				CLANG_WARN_DIRECT_OBJC_ISA_USAGE = YES_ERROR;
				CLANG_WARN_DOCUMENTATION_COMMENTS = YES;
				CLANG_WARN_EMPTY_BODY = YES;
				CLANG_WARN_ENUM_CONVERSION = YES;
				CLANG_WARN_INFINITE_RECURSION = YES;
				CLANG_WARN_INT_CONVERSION = YES;
				CLANG_WARN_NON_LITERAL_NULL_CONVERSION = YES;
				CLANG_WARN_OBJC_IMPLICIT_RETAIN_SELF = YES;
				CLANG_WARN_OBJC_LITERAL_CONVERSION = YES;
				CLANG_WARN_OBJC_ROOT_CLASS = YES_ERROR;
				CLANG_WARN_QUOTED_INCLUDE_IN_FRAMEWORK_HEADER = YES;
				CLANG_WARN_RANGE_LOOP_ANALYSIS = YES;
				CLANG_WARN_STRICT_PROTOTYPES = YES;
				CLANG_WARN_SUSPICIOUS_MOVE = YES;
				CLANG_WARN_UNGUARDED_AVAILABILITY = YES_AGGRESSIVE;
				CLANG_WARN_UNREACHABLE_CODE = YES;
				CLANG_WARN__DUPLICATE_METHOD_MATCH = YES;
				COPY_PHASE_STRIP = NO;
				DEBUG_INFORMATION_FORMAT = dwarf;
				ENABLE_STRICT_OBJC_MSGSEND = YES;
				ENABLE_TESTABILITY = YES;
				GCC_C_LANGUAGE_STANDARD = gnu11;
				GCC_DYNAMIC_NO_PIC = NO;
				GCC_NO_COMMON_BLOCKS = YES;
				GCC_OPTIMIZATION_LEVEL = 0;
				GCC_PREPROCESSOR_DEFINITIONS = (
					"DEBUG=1",
					"$(inherited)",
				);
				GCC_WARN_64_TO_32_BIT_CONVERSION = YES;
				GCC_WARN_ABOUT_RETURN_TYPE = YES_ERROR;
				GCC_WARN_UNDECLARED_SELECTOR = YES;
				GCC_WARN_UNINITIALIZED_AUTOS = YES_AGGRESSIVE;
				GCC_WARN_UNUSED_FUNCTION = YES;
				GCC_WARN_UNUSED_VARIABLE = YES;
				IPHONEOS_DEPLOYMENT_TARGET = 16.4;
				MTL_ENABLE_DEBUG_INFO = INCLUDE_SOURCE;
				MTL_FAST_MATH = YES;
				ONLY_ACTIVE_ARCH = YES;
				SDKROOT = iphoneos;
				SWIFT_ACTIVE_COMPILATION_CONDITIONS = DEBUG;
				SWIFT_OPTIMIZATION_LEVEL = "-Onone";
			};
			name = Debug;
		};
		CEE338FB29E4179200471711 /* Release */ = {
			isa = XCBuildConfiguration;
			buildSettings = {
				ALWAYS_SEARCH_USER_PATHS = NO;
				CLANG_ANALYZER_NONNULL = YES;
				CLANG_ANALYZER_NUMBER_OBJECT_CONVERSION = YES_AGGRESSIVE;
				CLANG_CXX_LANGUAGE_STANDARD = "gnu++20";
				CLANG_ENABLE_MODULES = YES;
				CLANG_ENABLE_OBJC_ARC = YES;
				CLANG_ENABLE_OBJC_WEAK = YES;
				CLANG_WARN_BLOCK_CAPTURE_AUTORELEASING = YES;
				CLANG_WARN_BOOL_CONVERSION = YES;
				CLANG_WARN_COMMA = YES;
				CLANG_WARN_CONSTANT_CONVERSION = YES;
				CLANG_WARN_DEPRECATED_OBJC_IMPLEMENTATIONS = YES;
				CLANG_WARN_DIRECT_OBJC_ISA_USAGE = YES_ERROR;
				CLANG_WARN_DOCUMENTATION_COMMENTS = YES;
				CLANG_WARN_EMPTY_BODY = YES;
				CLANG_WARN_ENUM_CONVERSION = YES;
				CLANG_WARN_INFINITE_RECURSION = YES;
				CLANG_WARN_INT_CONVERSION = YES;
				CLANG_WARN_NON_LITERAL_NULL_CONVERSION = YES;
				CLANG_WARN_OBJC_IMPLICIT_RETAIN_SELF = YES;
				CLANG_WARN_OBJC_LITERAL_CONVERSION = YES;
				CLANG_WARN_OBJC_ROOT_CLASS = YES_ERROR;
				CLANG_WARN_QUOTED_INCLUDE_IN_FRAMEWORK_HEADER = YES;
				CLANG_WARN_RANGE_LOOP_ANALYSIS = YES;
				CLANG_WARN_STRICT_PROTOTYPES = YES;
				CLANG_WARN_SUSPICIOUS_MOVE = YES;
				CLANG_WARN_UNGUARDED_AVAILABILITY = YES_AGGRESSIVE;
				CLANG_WARN_UNREACHABLE_CODE = YES;
				CLANG_WARN__DUPLICATE_METHOD_MATCH = YES;
				COPY_PHASE_STRIP = NO;
				DEBUG_INFORMATION_FORMAT = "dwarf-with-dsym";
				ENABLE_NS_ASSERTIONS = NO;
				ENABLE_STRICT_OBJC_MSGSEND = YES;
				GCC_C_LANGUAGE_STANDARD = gnu11;
				GCC_NO_COMMON_BLOCKS = YES;
				GCC_WARN_64_TO_32_BIT_CONVERSION = YES;
				GCC_WARN_ABOUT_RETURN_TYPE = YES_ERROR;
				GCC_WARN_UNDECLARED_SELECTOR = YES;
				GCC_WARN_UNINITIALIZED_AUTOS = YES_AGGRESSIVE;
				GCC_WARN_UNUSED_FUNCTION = YES;
				GCC_WARN_UNUSED_VARIABLE = YES;
				IPHONEOS_DEPLOYMENT_TARGET = 16.4;
				MTL_ENABLE_DEBUG_INFO = NO;
				MTL_FAST_MATH = YES;
				SDKROOT = iphoneos;
				SWIFT_COMPILATION_MODE = wholemodule;
				SWIFT_OPTIMIZATION_LEVEL = "-O";
				VALIDATE_PRODUCT = YES;
			};
			name = Release;
		};
		CEE338FD29E4179200471711 /* Debug */ = {
			isa = XCBuildConfiguration;
			buildSettings = {
				ASSETCATALOG_COMPILER_APPICON_NAME = AppIcon;
				ASSETCATALOG_COMPILER_GLOBAL_ACCENT_COLOR_NAME = AccentColor;
				CODE_SIGN_STYLE = Automatic;
				CURRENT_PROJECT_VERSION = 1;
				DEVELOPMENT_ASSET_PATHS = "\"TCADemo/Preview Content\"";
				DEVELOPMENT_TEAM = R8K9Q22ACU;
				ENABLE_PREVIEWS = YES;
				GENERATE_INFOPLIST_FILE = YES;
				INFOPLIST_KEY_UIApplicationSceneManifest_Generation = YES;
				INFOPLIST_KEY_UIApplicationSupportsIndirectInputEvents = YES;
				INFOPLIST_KEY_UILaunchScreen_Generation = YES;
				INFOPLIST_KEY_UISupportedInterfaceOrientations_iPad = "UIInterfaceOrientationPortrait UIInterfaceOrientationPortraitUpsideDown UIInterfaceOrientationLandscapeLeft UIInterfaceOrientationLandscapeRight";
				INFOPLIST_KEY_UISupportedInterfaceOrientations_iPhone = "UIInterfaceOrientationPortrait UIInterfaceOrientationLandscapeLeft UIInterfaceOrientationLandscapeRight";
				LD_RUNPATH_SEARCH_PATHS = (
					"$(inherited)",
					"@executable_path/Frameworks",
				);
				MARKETING_VERSION = 1.0;
				PRODUCT_BUNDLE_IDENTIFIER = Test.TCADemo;
				PRODUCT_NAME = "$(TARGET_NAME)";
				SWIFT_EMIT_LOC_STRINGS = YES;
				SWIFT_VERSION = 5.0;
				TARGETED_DEVICE_FAMILY = "1,2";
			};
			name = Debug;
		};
		CEE338FE29E4179200471711 /* Release */ = {
			isa = XCBuildConfiguration;
			buildSettings = {
				ASSETCATALOG_COMPILER_APPICON_NAME = AppIcon;
				ASSETCATALOG_COMPILER_GLOBAL_ACCENT_COLOR_NAME = AccentColor;
				CODE_SIGN_STYLE = Automatic;
				CURRENT_PROJECT_VERSION = 1;
				DEVELOPMENT_ASSET_PATHS = "\"TCADemo/Preview Content\"";
				DEVELOPMENT_TEAM = R8K9Q22ACU;
				ENABLE_PREVIEWS = YES;
				GENERATE_INFOPLIST_FILE = YES;
				INFOPLIST_KEY_UIApplicationSceneManifest_Generation = YES;
				INFOPLIST_KEY_UIApplicationSupportsIndirectInputEvents = YES;
				INFOPLIST_KEY_UILaunchScreen_Generation = YES;
				INFOPLIST_KEY_UISupportedInterfaceOrientations_iPad = "UIInterfaceOrientationPortrait UIInterfaceOrientationPortraitUpsideDown UIInterfaceOrientationLandscapeLeft UIInterfaceOrientationLandscapeRight";
				INFOPLIST_KEY_UISupportedInterfaceOrientations_iPhone = "UIInterfaceOrientationPortrait UIInterfaceOrientationLandscapeLeft UIInterfaceOrientationLandscapeRight";
				LD_RUNPATH_SEARCH_PATHS = (
					"$(inherited)",
					"@executable_path/Frameworks",
				);
				MARKETING_VERSION = 1.0;
				PRODUCT_BUNDLE_IDENTIFIER = Test.TCADemo;
				PRODUCT_NAME = "$(TARGET_NAME)";
				SWIFT_EMIT_LOC_STRINGS = YES;
				SWIFT_VERSION = 5.0;
				TARGETED_DEVICE_FAMILY = "1,2";
			};
			name = Release;
		};
		CEE3390029E4179200471711 /* Debug */ = {
			isa = XCBuildConfiguration;
			buildSettings = {
				ALWAYS_EMBED_SWIFT_STANDARD_LIBRARIES = YES;
				BUNDLE_LOADER = "$(TEST_HOST)";
				CODE_SIGN_STYLE = Automatic;
				CURRENT_PROJECT_VERSION = 1;
				DEVELOPMENT_TEAM = R8K9Q22ACU;
				GENERATE_INFOPLIST_FILE = YES;
				IPHONEOS_DEPLOYMENT_TARGET = 16.4;
				MARKETING_VERSION = 1.0;
				PRODUCT_BUNDLE_IDENTIFIER = Test.TCADemoTests;
				PRODUCT_NAME = "$(TARGET_NAME)";
				SWIFT_EMIT_LOC_STRINGS = NO;
				SWIFT_VERSION = 5.0;
				TARGETED_DEVICE_FAMILY = "1,2";
				TEST_HOST = "$(BUILT_PRODUCTS_DIR)/TCADemo.app/$(BUNDLE_EXECUTABLE_FOLDER_PATH)/TCADemo";
			};
			name = Debug;
		};
		CEE3390129E4179200471711 /* Release */ = {
			isa = XCBuildConfiguration;
			buildSettings = {
				ALWAYS_EMBED_SWIFT_STANDARD_LIBRARIES = YES;
				BUNDLE_LOADER = "$(TEST_HOST)";
				CODE_SIGN_STYLE = Automatic;
				CURRENT_PROJECT_VERSION = 1;
				DEVELOPMENT_TEAM = R8K9Q22ACU;
				GENERATE_INFOPLIST_FILE = YES;
				IPHONEOS_DEPLOYMENT_TARGET = 16.4;
				MARKETING_VERSION = 1.0;
				PRODUCT_BUNDLE_IDENTIFIER = Test.TCADemoTests;
				PRODUCT_NAME = "$(TARGET_NAME)";
				SWIFT_EMIT_LOC_STRINGS = NO;
				SWIFT_VERSION = 5.0;
				TARGETED_DEVICE_FAMILY = "1,2";
				TEST_HOST = "$(BUILT_PRODUCTS_DIR)/TCADemo.app/$(BUNDLE_EXECUTABLE_FOLDER_PATH)/TCADemo";
			};
			name = Release;
		};
		CEE3390329E4179200471711 /* Debug */ = {
			isa = XCBuildConfiguration;
			buildSettings = {
				ALWAYS_EMBED_SWIFT_STANDARD_LIBRARIES = YES;
				CODE_SIGN_STYLE = Automatic;
				CURRENT_PROJECT_VERSION = 1;
				DEVELOPMENT_TEAM = R8K9Q22ACU;
				GENERATE_INFOPLIST_FILE = YES;
				MARKETING_VERSION = 1.0;
				PRODUCT_BUNDLE_IDENTIFIER = Test.TCADemoUITests;
				PRODUCT_NAME = "$(TARGET_NAME)";
				SWIFT_EMIT_LOC_STRINGS = NO;
				SWIFT_VERSION = 5.0;
				TARGETED_DEVICE_FAMILY = "1,2";
				TEST_TARGET_NAME = TCADemo;
			};
			name = Debug;
		};
		CEE3390429E4179200471711 /* Release */ = {
			isa = XCBuildConfiguration;
			buildSettings = {
				ALWAYS_EMBED_SWIFT_STANDARD_LIBRARIES = YES;
				CODE_SIGN_STYLE = Automatic;
				CURRENT_PROJECT_VERSION = 1;
				DEVELOPMENT_TEAM = R8K9Q22ACU;
				GENERATE_INFOPLIST_FILE = YES;
				MARKETING_VERSION = 1.0;
				PRODUCT_BUNDLE_IDENTIFIER = Test.TCADemoUITests;
				PRODUCT_NAME = "$(TARGET_NAME)";
				SWIFT_EMIT_LOC_STRINGS = NO;
				SWIFT_VERSION = 5.0;
				TARGETED_DEVICE_FAMILY = "1,2";
				TEST_TARGET_NAME = TCADemo;
			};
			name = Release;
		};
/* End XCBuildConfiguration section */

/* Begin XCConfigurationList section */
		CEE338D329E4179100471711 /* Build configuration list for PBXProject "TCADemo" */ = {
			isa = XCConfigurationList;
			buildConfigurations = (
				CEE338FA29E4179200471711 /* Debug */,
				CEE338FB29E4179200471711 /* Release */,
			);
			defaultConfigurationIsVisible = 0;
			defaultConfigurationName = Release;
		};
		CEE338FC29E4179200471711 /* Build configuration list for PBXNativeTarget "TCADemo" */ = {
			isa = XCConfigurationList;
			buildConfigurations = (
				CEE338FD29E4179200471711 /* Debug */,
				CEE338FE29E4179200471711 /* Release */,
			);
			defaultConfigurationIsVisible = 0;
			defaultConfigurationName = Release;
		};
		CEE338FF29E4179200471711 /* Build configuration list for PBXNativeTarget "TCADemoTests" */ = {
			isa = XCConfigurationList;
			buildConfigurations = (
				CEE3390029E4179200471711 /* Debug */,
				CEE3390129E4179200471711 /* Release */,
			);
			defaultConfigurationIsVisible = 0;
			defaultConfigurationName = Release;
		};
		CEE3390229E4179200471711 /* Build configuration list for PBXNativeTarget "TCADemoUITests" */ = {
			isa = XCConfigurationList;
			buildConfigurations = (
				CEE3390329E4179200471711 /* Debug */,
				CEE3390429E4179200471711 /* Release */,
			);
			defaultConfigurationIsVisible = 0;
			defaultConfigurationName = Release;
		};
/* End XCConfigurationList section */

/* Begin XCRemoteSwiftPackageReference section */
		CEE3390529E4190B00471711 /* XCRemoteSwiftPackageReference "swift-composable-architecture" */ = {
			isa = XCRemoteSwiftPackageReference;
			repositoryURL = "https://github.com/pointfreeco/swift-composable-architecture";
			requirement = {
				kind = upToNextMajorVersion;
				minimumVersion = 0.52.0;
			};
		};
/* End XCRemoteSwiftPackageReference section */

/* Begin XCSwiftPackageProductDependency section */
		CEE3390629E4190B00471711 /* ComposableArchitecture */ = {
			isa = XCSwiftPackageProductDependency;
			package = CEE3390529E4190B00471711 /* XCRemoteSwiftPackageReference "swift-composable-architecture" */;
			productName = ComposableArchitecture;
		};
/* End XCSwiftPackageProductDependency section */
	};
	rootObject = CEE338D029E4179100471711 /* Project object */;
}
